
Microsoft Visual Studio Solution File, Format Version 12.00
# Visual Studio 15
VisualStudioVersion = 15.0.27130.2024
MinimumVisualStudioVersion = 10.0.40219.1
Project("{FAE04EC0-301F-11D3-BF4B-00C04F79EFBC}") = "PoolCarev2.Android", "PoolCarev2\PoolCarev2.Android\PoolCarev2.Android.csproj", "{D57531D0-A8AD-4293-BE4F-47CCFE668349}"
EndProject
Project("{FAE04EC0-301F-11D3-BF4B-00C04F79EFBC}") = "PoolCarev2.iOS", "PoolCarev2\PoolCarev2.iOS\PoolCarev2.iOS.csproj", "{8D149589-61CA-44F2-9B88-775E0E945669}"
EndProject
Project("{FAE04EC0-301F-11D3-BF4B-00C04F79EFBC}") = "PoolCarev2.UWP", "PoolCarev2\PoolCarev2.UWP\PoolCarev2.UWP.csproj", "{F1A7F325-91A3-4F03-8D2B-6FD58668A18B}"
EndProject
Project("{FAE04EC0-301F-11D3-BF4B-00C04F79EFBC}") = "PoolCarev2", "PoolCarev2\PoolCarev2\PoolCarev2.csproj", "{6CEB62C1-4E6D-43AD-B558-C48B5CF95BBE}"
EndProject
Global
	GlobalSection(SolutionConfigurationPlatforms) = preSolution
		Ad-Hoc|Any CPU = Ad-Hoc|Any CPU
		Ad-Hoc|ARM = Ad-Hoc|ARM
		Ad-Hoc|iPhone = Ad-Hoc|iPhone
		Ad-Hoc|iPhoneSimulator = Ad-Hoc|iPhoneSimulator
		Ad-Hoc|x64 = Ad-Hoc|x64
		Ad-Hoc|x86 = Ad-Hoc|x86
		AppStore|Any CPU = AppStore|Any CPU
		AppStore|ARM = AppStore|ARM
		AppStore|iPhone = AppStore|iPhone
		AppStore|iPhoneSimulator = AppStore|iPhoneSimulator
		AppStore|x64 = AppStore|x64
		AppStore|x86 = AppStore|x86
		Debug|Any CPU = Debug|Any CPU
		Debug|ARM = Debug|ARM
		Debug|iPhone = Debug|iPhone
		Debug|iPhoneSimulator = Debug|iPhoneSimulator
		Debug|x64 = Debug|x64
		Debug|x86 = Debug|x86
		Release|Any CPU = Release|Any CPU
		Release|ARM = Release|ARM
		Release|iPhone = Release|iPhone
		Release|iPhoneSimulator = Release|iPhoneSimulator
		Release|x64 = Release|x64
		Release|x86 = Release|x86
	EndGlobalSection
	GlobalSection(ProjectConfigurationPlatforms) = postSolution
		{D57531D0-A8AD-4293-BE4F-47CCFE668349}.Ad-Hoc|Any CPU.ActiveCfg = Release|Any CPU
		{D57531D0-A8AD-4293-BE4F-47CCFE668349}.Ad-Hoc|Any CPU.Build.0 = Release|Any CPU
		{D57531D0-A8AD-4293-BE4F-47CCFE668349}.Ad-Hoc|Any CPU.Deploy.0 = Release|Any CPU
		{D57531D0-A8AD-4293-BE4F-47CCFE668349}.Ad-Hoc|ARM.ActiveCfg = Release|Any CPU
		{D57531D0-A8AD-4293-BE4F-47CCFE668349}.Ad-Hoc|ARM.Build.0 = Release|Any CPU
		{D57531D0-A8AD-4293-BE4F-47CCFE668349}.Ad-Hoc|ARM.Deploy.0 = Release|Any CPU
		{D57531D0-A8AD-4293-BE4F-47CCFE668349}.Ad-Hoc|iPhone.ActiveCfg = Release|Any CPU
		{D57531D0-A8AD-4293-BE4F-47CCFE668349}.Ad-Hoc|iPhone.Build.0 = Release|Any CPU
		{D57531D0-A8AD-4293-BE4F-47CCFE668349}.Ad-Hoc|iPhone.Deploy.0 = Release|Any CPU
		{D57531D0-A8AD-4293-BE4F-47CCFE668349}.Ad-Hoc|iPhoneSimulator.ActiveCfg = Release|Any CPU
		{D57531D0-A8AD-4293-BE4F-47CCFE668349}.Ad-Hoc|iPhoneSimulator.Build.0 = Release|Any CPU
		{D57531D0-A8AD-4293-BE4F-47CCFE668349}.Ad-Hoc|iPhoneSimulator.Deploy.0 = Release|Any CPU
		{D57531D0-A8AD-4293-BE4F-47CCFE668349}.Ad-Hoc|x64.ActiveCfg = Release|Any CPU
		{D57531D0-A8AD-4293-BE4F-47CCFE668349}.Ad-Hoc|x64.Build.0 = Release|Any CPU
		{D57531D0-A8AD-4293-BE4F-47CCFE668349}.Ad-Hoc|x64.Deploy.0 = Release|Any CPU
		{D57531D0-A8AD-4293-BE4F-47CCFE668349}.Ad-Hoc|x86.ActiveCfg = Release|Any CPU
		{D57531D0-A8AD-4293-BE4F-47CCFE668349}.Ad-Hoc|x86.Build.0 = Release|Any CPU
		{D57531D0-A8AD-4293-BE4F-47CCFE668349}.Ad-Hoc|x86.Deploy.0 = Release|Any CPU
		{D57531D0-A8AD-4293-BE4F-47CCFE668349}.AppStore|Any CPU.ActiveCfg = Release|Any CPU
		{D57531D0-A8AD-4293-BE4F-47CCFE668349}.AppStore|Any CPU.Build.0 = Release|Any CPU
		{D57531D0-A8AD-4293-BE4F-47CCFE668349}.AppStore|Any CPU.Deploy.0 = Release|Any CPU
		{D57531D0-A8AD-4293-BE4F-47CCFE668349}.AppStore|ARM.ActiveCfg = Release|Any CPU
		{D57531D0-A8AD-4293-BE4F-47CCFE668349}.AppStore|ARM.Build.0 = Release|Any CPU
		{D57531D0-A8AD-4293-BE4F-47CCFE668349}.AppStore|ARM.Deploy.0 = Release|Any CPU
		{D57531D0-A8AD-4293-BE4F-47CCFE668349}.AppStore|iPhone.ActiveCfg = Release|Any CPU
		{D57531D0-A8AD-4293-BE4F-47CCFE668349}.AppStore|iPhone.Build.0 = Release|Any CPU
		{D57531D0-A8AD-4293-BE4F-47CCFE668349}.AppStore|iPhone.Deploy.0 = Release|Any CPU
		{D57531D0-A8AD-4293-BE4F-47CCFE668349}.AppStore|iPhoneSimulator.ActiveCfg = Release|Any CPU
		{D57531D0-A8AD-4293-BE4F-47CCFE668349}.AppStore|iPhoneSimulator.Build.0 = Release|Any CPU
		{D57531D0-A8AD-4293-BE4F-47CCFE668349}.AppStore|iPhoneSimulator.Deploy.0 = Release|Any CPU
		{D57531D0-A8AD-4293-BE4F-47CCFE668349}.AppStore|x64.ActiveCfg = Release|Any CPU
		{D57531D0-A8AD-4293-BE4F-47CCFE668349}.AppStore|x64.Build.0 = Release|Any CPU
		{D57531D0-A8AD-4293-BE4F-47CCFE668349}.AppStore|x64.Deploy.0 = Release|Any CPU
		{D57531D0-A8AD-4293-BE4F-47CCFE668349}.AppStore|x86.ActiveCfg = Release|Any CPU
		{D57531D0-A8AD-4293-BE4F-47CCFE668349}.AppStore|x86.Build.0 = Release|Any CPU
		{D57531D0-A8AD-4293-BE4F-47CCFE668349}.AppStore|x86.Deploy.0 = Release|Any CPU
		{D57531D0-A8AD-4293-BE4F-47CCFE668349}.Debug|Any CPU.ActiveCfg = Debug|Any CPU
		{D57531D0-A8AD-4293-BE4F-47CCFE668349}.Debug|Any CPU.Build.0 = Debug|Any CPU
		{D57531D0-A8AD-4293-BE4F-47CCFE668349}.Debug|Any CPU.Deploy.0 = Debug|Any CPU
		{D57531D0-A8AD-4293-BE4F-47CCFE668349}.Debug|ARM.ActiveCfg = Debug|Any CPU
		{D57531D0-A8AD-4293-BE4F-47CCFE668349}.Debug|ARM.Build.0 = Debug|Any CPU
		{D57531D0-A8AD-4293-BE4F-47CCFE668349}.Debug|ARM.Deploy.0 = Debug|Any CPU
		{D57531D0-A8AD-4293-BE4F-47CCFE668349}.Debug|iPhone.ActiveCfg = Debug|Any CPU
		{D57531D0-A8AD-4293-BE4F-47CCFE668349}.Debug|iPhone.Build.0 = Debug|Any CPU
		{D57531D0-A8AD-4293-BE4F-47CCFE668349}.Debug|iPhone.Deploy.0 = Debug|Any CPU
		{D57531D0-A8AD-4293-BE4F-47CCFE668349}.Debug|iPhoneSimulator.ActiveCfg = Debug|Any CPU
		{D57531D0-A8AD-4293-BE4F-47CCFE668349}.Debug|iPhoneSimulator.Build.0 = Debug|Any CPU
		{D57531D0-A8AD-4293-BE4F-47CCFE668349}.Debug|iPhoneSimulator.Deploy.0 = Debug|Any CPU
		{D57531D0-A8AD-4293-BE4F-47CCFE668349}.Debug|x64.ActiveCfg = Debug|Any CPU
		{D57531D0-A8AD-4293-BE4F-47CCFE668349}.Debug|x64.Build.0 = Debug|Any CPU
		{D57531D0-A8AD-4293-BE4F-47CCFE668349}.Debug|x64.Deploy.0 = Debug|Any CPU
		{D57531D0-A8AD-4293-BE4F-47CCFE668349}.Debug|x86.ActiveCfg = Debug|Any CPU
		{D57531D0-A8AD-4293-BE4F-47CCFE668349}.Debug|x86.Build.0 = Debug|Any CPU
		{D57531D0-A8AD-4293-BE4F-47CCFE668349}.Debug|x86.Deploy.0 = Debug|Any CPU
		{D57531D0-A8AD-4293-BE4F-47CCFE668349}.Release|Any CPU.ActiveCfg = Release|Any CPU
		{D57531D0-A8AD-4293-BE4F-47CCFE668349}.Release|Any CPU.Build.0 = Release|Any CPU
		{D57531D0-A8AD-4293-BE4F-47CCFE668349}.Release|Any CPU.Deploy.0 = Release|Any CPU
		{D57531D0-A8AD-4293-BE4F-47CCFE668349}.Release|ARM.ActiveCfg = Release|Any CPU
		{D57531D0-A8AD-4293-BE4F-47CCFE668349}.Release|ARM.Build.0 = Release|Any CPU
		{D57531D0-A8AD-4293-BE4F-47CCFE668349}.Release|ARM.Deploy.0 = Release|Any CPU
		{D57531D0-A8AD-4293-BE4F-47CCFE668349}.Release|iPhone.ActiveCfg = Release|Any CPU
		{D57531D0-A8AD-4293-BE4F-47CCFE668349}.Release|iPhone.Build.0 = Release|Any CPU
		{D57531D0-A8AD-4293-BE4F-47CCFE668349}.Release|iPhone.Deploy.0 = Release|Any CPU
		{D57531D0-A8AD-4293-BE4F-47CCFE668349}.Release|iPhoneSimulator.ActiveCfg = Release|Any CPU
		{D57531D0-A8AD-4293-BE4F-47CCFE668349}.Release|iPhoneSimulator.Build.0 = Release|Any CPU
		{D57531D0-A8AD-4293-BE4F-47CCFE668349}.Release|iPhoneSimulator.Deploy.0 = Release|Any CPU
		{D57531D0-A8AD-4293-BE4F-47CCFE668349}.Release|x64.ActiveCfg = Release|Any CPU
		{D57531D0-A8AD-4293-BE4F-47CCFE668349}.Release|x64.Build.0 = Release|Any CPU
		{D57531D0-A8AD-4293-BE4F-47CCFE668349}.Release|x64.Deploy.0 = Release|Any CPU
		{D57531D0-A8AD-4293-BE4F-47CCFE668349}.Release|x86.ActiveCfg = Release|Any CPU
		{D57531D0-A8AD-4293-BE4F-47CCFE668349}.Release|x86.Build.0 = Release|Any CPU
		{D57531D0-A8AD-4293-BE4F-47CCFE668349}.Release|x86.Deploy.0 = Release|Any CPU
		{8D149589-61CA-44F2-9B88-775E0E945669}.Ad-Hoc|Any CPU.ActiveCfg = Ad-Hoc|iPhone
		{8D149589-61CA-44F2-9B88-775E0E945669}.Ad-Hoc|ARM.ActiveCfg = Ad-Hoc|iPhone
		{8D149589-61CA-44F2-9B88-775E0E945669}.Ad-Hoc|iPhone.ActiveCfg = Ad-Hoc|iPhone
		{8D149589-61CA-44F2-9B88-775E0E945669}.Ad-Hoc|iPhone.Build.0 = Ad-Hoc|iPhone
		{8D149589-61CA-44F2-9B88-775E0E945669}.Ad-Hoc|iPhoneSimulator.ActiveCfg = Ad-Hoc|iPhoneSimulator
		{8D149589-61CA-44F2-9B88-775E0E945669}.Ad-Hoc|iPhoneSimulator.Build.0 = Ad-Hoc|iPhoneSimulator
		{8D149589-61CA-44F2-9B88-775E0E945669}.Ad-Hoc|x64.ActiveCfg = Ad-Hoc|iPhone
		{8D149589-61CA-44F2-9B88-775E0E945669}.Ad-Hoc|x86.ActiveCfg = Ad-Hoc|iPhone
		{8D149589-61CA-44F2-9B88-775E0E945669}.AppStore|Any CPU.ActiveCfg = AppStore|iPhone
		{8D149589-61CA-44F2-9B88-775E0E945669}.AppStore|ARM.ActiveCfg = AppStore|iPhone
		{8D149589-61CA-44F2-9B88-775E0E945669}.AppStore|iPhone.ActiveCfg = AppStore|iPhone
		{8D149589-61CA-44F2-9B88-775E0E945669}.AppStore|iPhone.Build.0 = AppStore|iPhone
		{8D149589-61CA-44F2-9B88-775E0E945669}.AppStore|iPhoneSimulator.ActiveCfg = AppStore|iPhoneSimulator
		{8D149589-61CA-44F2-9B88-775E0E945669}.AppStore|iPhoneSimulator.Build.0 = AppStore|iPhoneSimulator
		{8D149589-61CA-44F2-9B88-775E0E945669}.AppStore|x64.ActiveCfg = AppStore|iPhone
		{8D149589-61CA-44F2-9B88-775E0E945669}.AppStore|x86.ActiveCfg = AppStore|iPhone
		{8D149589-61CA-44F2-9B88-775E0E945669}.Debug|Any CPU.ActiveCfg = Debug|iPhone
		{8D149589-61CA-44F2-9B88-775E0E945669}.Debug|ARM.ActiveCfg = Debug|iPhone
		{8D149589-61CA-44F2-9B88-775E0E945669}.Debug|iPhone.ActiveCfg = Debug|iPhone
		{8D149589-61CA-44F2-9B88-775E0E945669}.Debug|iPhone.Build.0 = Debug|iPhone
		{8D149589-61CA-44F2-9B88-775E0E945669}.Debug|iPhoneSimulator.ActiveCfg = Debug|iPhoneSimulator
		{8D149589-61CA-44F2-9B88-775E0E945669}.Debug|iPhoneSimulator.Build.0 = Debug|iPhoneSimulator
		{8D149589-61CA-44F2-9B88-775E0E945669}.Debug|x64.ActiveCfg = Debug|iPhone
		{8D149589-61CA-44F2-9B88-775E0E945669}.Debug|x86.ActiveCfg = Debug|iPhone
		{8D149589-61CA-44F2-9B88-775E0E945669}.Release|Any CPU.ActiveCfg = Release|iPhone
		{8D149589-61CA-44F2-9B88-775E0E945669}.Release|ARM.ActiveCfg = Release|iPhone
		{8D149589-61CA-44F2-9B88-775E0E945669}.Release|iPhone.ActiveCfg = Release|iPhone
		{8D149589-61CA-44F2-9B88-775E0E945669}.Release|iPhone.Build.0 = Release|iPhone
		{8D149589-61CA-44F2-9B88-775E0E945669}.Release|iPhoneSimulator.ActiveCfg = Release|iPhoneSimulator
		{8D149589-61CA-44F2-9B88-775E0E945669}.Release|iPhoneSimulator.Build.0 = Release|iPhoneSimulator
		{8D149589-61CA-44F2-9B88-775E0E945669}.Release|x64.ActiveCfg = Release|iPhone
		{8D149589-61CA-44F2-9B88-775E0E945669}.Release|x86.ActiveCfg = Release|iPhone
		{F1A7F325-91A3-4F03-8D2B-6FD58668A18B}.Ad-Hoc|Any CPU.ActiveCfg = Release|x86
		{F1A7F325-91A3-4F03-8D2B-6FD58668A18B}.Ad-Hoc|Any CPU.Build.0 = Release|x86
		{F1A7F325-91A3-4F03-8D2B-6FD58668A18B}.Ad-Hoc|Any CPU.Deploy.0 = Release|x86
		{F1A7F325-91A3-4F03-8D2B-6FD58668A18B}.Ad-Hoc|ARM.ActiveCfg = Release|ARM
		{F1A7F325-91A3-4F03-8D2B-6FD58668A18B}.Ad-Hoc|ARM.Build.0 = Release|ARM
		{F1A7F325-91A3-4F03-8D2B-6FD58668A18B}.Ad-Hoc|ARM.Deploy.0 = Release|ARM
		{F1A7F325-91A3-4F03-8D2B-6FD58668A18B}.Ad-Hoc|iPhone.ActiveCfg = Release|x86
		{F1A7F325-91A3-4F03-8D2B-6FD58668A18B}.Ad-Hoc|iPhone.Build.0 = Release|x86
		{F1A7F325-91A3-4F03-8D2B-6FD58668A18B}.Ad-Hoc|iPhone.Deploy.0 = Release|x86
		{F1A7F325-91A3-4F03-8D2B-6FD58668A18B}.Ad-Hoc|iPhoneSimulator.ActiveCfg = Release|x86
		{F1A7F325-91A3-4F03-8D2B-6FD58668A18B}.Ad-Hoc|iPhoneSimulator.Build.0 = Release|x86
		{F1A7F325-91A3-4F03-8D2B-6FD58668A18B}.Ad-Hoc|iPhoneSimulator.Deploy.0 = Release|x86
		{F1A7F325-91A3-4F03-8D2B-6FD58668A18B}.Ad-Hoc|x64.ActiveCfg = Release|x64
		{F1A7F325-91A3-4F03-8D2B-6FD58668A18B}.Ad-Hoc|x64.Build.0 = Release|x64
		{F1A7F325-91A3-4F03-8D2B-6FD58668A18B}.Ad-Hoc|x64.Deploy.0 = Release|x64
		{F1A7F325-91A3-4F03-8D2B-6FD58668A18B}.Ad-Hoc|x86.ActiveCfg = Release|x86
		{F1A7F325-91A3-4F03-8D2B-6FD58668A18B}.Ad-Hoc|x86.Build.0 = Release|x86
		{F1A7F325-91A3-4F03-8D2B-6FD58668A18B}.Ad-Hoc|x86.Deploy.0 = Release|x86
		{F1A7F325-91A3-4F03-8D2B-6FD58668A18B}.AppStore|Any CPU.ActiveCfg = Release|x86
		{F1A7F325-91A3-4F03-8D2B-6FD58668A18B}.AppStore|Any CPU.Build.0 = Release|x86
		{F1A7F325-91A3-4F03-8D2B-6FD58668A18B}.AppStore|Any CPU.Deploy.0 = Release|x86
		{F1A7F325-91A3-4F03-8D2B-6FD58668A18B}.AppStore|ARM.ActiveCfg = Release|ARM
		{F1A7F325-91A3-4F03-8D2B-6FD58668A18B}.AppStore|ARM.Build.0 = Release|ARM
		{F1A7F325-91A3-4F03-8D2B-6FD58668A18B}.AppStore|ARM.Deploy.0 = Release|ARM
		{F1A7F325-91A3-4F03-8D2B-6FD58668A18B}.AppStore|iPhone.ActiveCfg = Release|x86
		{F1A7F325-91A3-4F03-8D2B-6FD58668A18B}.AppStore|iPhone.Build.0 = Release|x86
		{F1A7F325-91A3-4F03-8D2B-6FD58668A18B}.AppStore|iPhone.Deploy.0 = Release|x86
		{F1A7F325-91A3-4F03-8D2B-6FD58668A18B}.AppStore|iPhoneSimulator.ActiveCfg = Release|x86
		{F1A7F325-91A3-4F03-8D2B-6FD58668A18B}.AppStore|iPhoneSimulator.Build.0 = Release|x86
		{F1A7F325-91A3-4F03-8D2B-6FD58668A18B}.AppStore|iPhoneSimulator.Deploy.0 = Release|x86
		{F1A7F325-91A3-4F03-8D2B-6FD58668A18B}.AppStore|x64.ActiveCfg = Release|x64
		{F1A7F325-91A3-4F03-8D2B-6FD58668A18B}.AppStore|x64.Build.0 = Release|x64
		{F1A7F325-91A3-4F03-8D2B-6FD58668A18B}.AppStore|x64.Deploy.0 = Release|x64
		{F1A7F325-91A3-4F03-8D2B-6FD58668A18B}.AppStore|x86.ActiveCfg = Release|x86
		{F1A7F325-91A3-4F03-8D2B-6FD58668A18B}.AppStore|x86.Build.0 = Release|x86
		{F1A7F325-91A3-4F03-8D2B-6FD58668A18B}.AppStore|x86.Deploy.0 = Release|x86
		{F1A7F325-91A3-4F03-8D2B-6FD58668A18B}.Debug|Any CPU.ActiveCfg = Debug|x86
		{F1A7F325-91A3-4F03-8D2B-6FD58668A18B}.Debug|ARM.ActiveCfg = Debug|ARM
		{F1A7F325-91A3-4F03-8D2B-6FD58668A18B}.Debug|ARM.Build.0 = Debug|ARM
		{F1A7F325-91A3-4F03-8D2B-6FD58668A18B}.Debug|ARM.Deploy.0 = Debug|ARM
		{F1A7F325-91A3-4F03-8D2B-6FD58668A18B}.Debug|iPhone.ActiveCfg = Debug|x86
		{F1A7F325-91A3-4F03-8D2B-6FD58668A18B}.Debug|iPhoneSimulator.ActiveCfg = Debug|x86
		{F1A7F325-91A3-4F03-8D2B-6FD58668A18B}.Debug|x64.ActiveCfg = Debug|x64
		{F1A7F325-91A3-4F03-8D2B-6FD58668A18B}.Debug|x64.Build.0 = Debug|x64
		{F1A7F325-91A3-4F03-8D2B-6FD58668A18B}.Debug|x64.Deploy.0 = Debug|x64
		{F1A7F325-91A3-4F03-8D2B-6FD58668A18B}.Debug|x86.ActiveCfg = Debug|x86
		{F1A7F325-91A3-4F03-8D2B-6FD58668A18B}.Debug|x86.Build.0 = Debug|x86
		{F1A7F325-91A3-4F03-8D2B-6FD58668A18B}.Debug|x86.Deploy.0 = Debug|x86
		{F1A7F325-91A3-4F03-8D2B-6FD58668A18B}.Release|Any CPU.ActiveCfg = Release|x86
		{F1A7F325-91A3-4F03-8D2B-6FD58668A18B}.Release|ARM.ActiveCfg = Release|ARM
		{F1A7F325-91A3-4F03-8D2B-6FD58668A18B}.Release|ARM.Build.0 = Release|ARM
		{F1A7F325-91A3-4F03-8D2B-6FD58668A18B}.Release|ARM.Deploy.0 = Release|ARM
		{F1A7F325-91A3-4F03-8D2B-6FD58668A18B}.Release|iPhone.ActiveCfg = Release|x86
		{F1A7F325-91A3-4F03-8D2B-6FD58668A18B}.Release|iPhoneSimulator.ActiveCfg = Release|x86
		{F1A7F325-91A3-4F03-8D2B-6FD58668A18B}.Release|x64.ActiveCfg = Release|x64
		{F1A7F325-91A3-4F03-8D2B-6FD58668A18B}.Release|x64.Build.0 = Release|x64
		{F1A7F325-91A3-4F03-8D2B-6FD58668A18B}.Release|x64.Deploy.0 = Release|x64
		{F1A7F325-91A3-4F03-8D2B-6FD58668A18B}.Release|x86.ActiveCfg = Release|x86
		{F1A7F325-91A3-4F03-8D2B-6FD58668A18B}.Release|x86.Build.0 = Release|x86
		{F1A7F325-91A3-4F03-8D2B-6FD58668A18B}.Release|x86.Deploy.0 = Release|x86
		{6CEB62C1-4E6D-43AD-B558-C48B5CF95BBE}.Ad-Hoc|Any CPU.ActiveCfg = Debug|Any CPU
		{6CEB62C1-4E6D-43AD-B558-C48B5CF95BBE}.Ad-Hoc|Any CPU.Build.0 = Debug|Any CPU
		{6CEB62C1-4E6D-43AD-B558-C48B5CF95BBE}.Ad-Hoc|ARM.ActiveCfg = Debug|Any CPU
		{6CEB62C1-4E6D-43AD-B558-C48B5CF95BBE}.Ad-Hoc|ARM.Build.0 = Debug|Any CPU
		{6CEB62C1-4E6D-43AD-B558-C48B5CF95BBE}.Ad-Hoc|iPhone.ActiveCfg = Debug|Any CPU
		{6CEB62C1-4E6D-43AD-B558-C48B5CF95BBE}.Ad-Hoc|iPhone.Build.0 = Debug|Any CPU
		{6CEB62C1-4E6D-43AD-B558-C48B5CF95BBE}.Ad-Hoc|iPhoneSimulator.ActiveCfg = Debug|Any CPU
		{6CEB62C1-4E6D-43AD-B558-C48B5CF95BBE}.Ad-Hoc|iPhoneSimulator.Build.0 = Debug|Any CPU
		{6CEB62C1-4E6D-43AD-B558-C48B5CF95BBE}.Ad-Hoc|x64.ActiveCfg = Debug|Any CPU
		{6CEB62C1-4E6D-43AD-B558-C48B5CF95BBE}.Ad-Hoc|x64.Build.0 = Debug|Any CPU
		{6CEB62C1-4E6D-43AD-B558-C48B5CF95BBE}.Ad-Hoc|x86.ActiveCfg = Debug|Any CPU
		{6CEB62C1-4E6D-43AD-B558-C48B5CF95BBE}.Ad-Hoc|x86.Build.0 = Debug|Any CPU
		{6CEB62C1-4E6D-43AD-B558-C48B5CF95BBE}.AppStore|Any CPU.ActiveCfg = Debug|Any CPU
		{6CEB62C1-4E6D-43AD-B558-C48B5CF95BBE}.AppStore|Any CPU.Build.0 = Debug|Any CPU
		{6CEB62C1-4E6D-43AD-B558-C48B5CF95BBE}.AppStore|ARM.ActiveCfg = Debug|Any CPU
		{6CEB62C1-4E6D-43AD-B558-C48B5CF95BBE}.AppStore|ARM.Build.0 = Debug|Any CPU
		{6CEB62C1-4E6D-43AD-B558-C48B5CF95BBE}.AppStore|iPhone.ActiveCfg = Debug|Any CPU
		{6CEB62C1-4E6D-43AD-B558-C48B5CF95BBE}.AppStore|iPhone.Build.0 = Debug|Any CPU
		{6CEB62C1-4E6D-43AD-B558-C48B5CF95BBE}.AppStore|iPhoneSimulator.ActiveCfg = Debug|Any CPU
		{6CEB62C1-4E6D-43AD-B558-C48B5CF95BBE}.AppStore|iPhoneSimulator.Build.0 = Debug|Any CPU
		{6CEB62C1-4E6D-43AD-B558-C48B5CF95BBE}.AppStore|x64.ActiveCfg = Debug|Any CPU
		{6CEB62C1-4E6D-43AD-B558-C48B5CF95BBE}.AppStore|x64.Build.0 = Debug|Any CPU
		{6CEB62C1-4E6D-43AD-B558-C48B5CF95BBE}.AppStore|x86.ActiveCfg = Debug|Any CPU
		{6CEB62C1-4E6D-43AD-B558-C48B5CF95BBE}.AppStore|x86.Build.0 = Debug|Any CPU
		{6CEB62C1-4E6D-43AD-B558-C48B5CF95BBE}.Debug|Any CPU.ActiveCfg = Debug|Any CPU
		{6CEB62C1-4E6D-43AD-B558-C48B5CF95BBE}.Debug|Any CPU.Build.0 = Debug|Any CPU
		{6CEB62C1-4E6D-43AD-B558-C48B5CF95BBE}.Debug|ARM.ActiveCfg = Debug|Any CPU
		{6CEB62C1-4E6D-43AD-B558-C48B5CF95BBE}.Debug|ARM.Build.0 = Debug|Any CPU
		{6CEB62C1-4E6D-43AD-B558-C48B5CF95BBE}.Debug|iPhone.ActiveCfg = Debug|Any CPU
		{6CEB62C1-4E6D-43AD-B558-C48B5CF95BBE}.Debug|iPhone.Build.0 = Debug|Any CPU
		{6CEB62C1-4E6D-43AD-B558-C48B5CF95BBE}.Debug|iPhoneSimulator.ActiveCfg = Debug|Any CPU
		{6CEB62C1-4E6D-43AD-B558-C48B5CF95BBE}.Debug|iPhoneSimulator.Build.0 = Debug|Any CPU
		{6CEB62C1-4E6D-43AD-B558-C48B5CF95BBE}.Debug|x64.ActiveCfg = Debug|Any CPU
		{6CEB62C1-4E6D-43AD-B558-C48B5CF95BBE}.Debug|x64.Build.0 = Debug|Any CPU
		{6CEB62C1-4E6D-43AD-B558-C48B5CF95BBE}.Debug|x86.ActiveCfg = Debug|Any CPU
		{6CEB62C1-4E6D-43AD-B558-C48B5CF95BBE}.Debug|x86.Build.0 = Debug|Any CPU
		{6CEB62C1-4E6D-43AD-B558-C48B5CF95BBE}.Release|Any CPU.ActiveCfg = Release|Any CPU
		{6CEB62C1-4E6D-43AD-B558-C48B5CF95BBE}.Release|Any CPU.Build.0 = Release|Any CPU
		{6CEB62C1-4E6D-43AD-B558-C48B5CF95BBE}.Release|ARM.ActiveCfg = Release|Any CPU
		{6CEB62C1-4E6D-43AD-B558-C48B5CF95BBE}.Release|ARM.Build.0 = Release|Any CPU
		{6CEB62C1-4E6D-43AD-B558-C48B5CF95BBE}.Release|iPhone.ActiveCfg = Release|Any CPU
		{6CEB62C1-4E6D-43AD-B558-C48B5CF95BBE}.Release|iPhone.Build.0 = Release|Any CPU
		{6CEB62C1-4E6D-43AD-B558-C48B5CF95BBE}.Release|iPhoneSimulator.ActiveCfg = Release|Any CPU
		{6CEB62C1-4E6D-43AD-B558-C48B5CF95BBE}.Release|iPhoneSimulator.Build.0 = Release|Any CPU
		{6CEB62C1-4E6D-43AD-B558-C48B5CF95BBE}.Release|x64.ActiveCfg = Release|Any CPU
		{6CEB62C1-4E6D-43AD-B558-C48B5CF95BBE}.Release|x64.Build.0 = Release|Any CPU
		{6CEB62C1-4E6D-43AD-B558-C48B5CF95BBE}.Release|x86.ActiveCfg = Release|Any CPU
		{6CEB62C1-4E6D-43AD-B558-C48B5CF95BBE}.Release|x86.Build.0 = Release|Any CPU
	EndGlobalSection
	GlobalSection(SolutionProperties) = preSolution
		HideSolutionNode = FALSE
	EndGlobalSection
	GlobalSection(ExtensibilityGlobals) = postSolution
		SolutionGuid = {6BC9F632-71D6-4FBB-AF3C-AE0F80C44616}
	EndGlobalSection
EndGlobal
