
Microsoft Visual Studio Solution File, Format Version 12.00
# Visual Studio 15
VisualStudioVersion = 15.0.27130.2024
MinimumVisualStudioVersion = 10.0.40219.1
Project("{FAE04EC0-301F-11D3-BF4B-00C04F79EFBC}") = "PoolCarev1.Android", "PoolCarev1\PoolCarev1.Android\PoolCarev1.Android.csproj", "{C86CB7B2-C494-4ECD-8211-2F279D3011CE}"
EndProject
Project("{FAE04EC0-301F-11D3-BF4B-00C04F79EFBC}") = "PoolCarev1.iOS", "PoolCarev1\PoolCarev1.iOS\PoolCarev1.iOS.csproj", "{69D8766E-E68B-4360-8328-25DEDEA8BFA8}"
EndProject
Project("{FAE04EC0-301F-11D3-BF4B-00C04F79EFBC}") = "PoolCarev1.UWP", "PoolCarev1\PoolCarev1.UWP\PoolCarev1.UWP.csproj", "{C7E4BCCC-3BE0-4032-8147-7126A7094A9D}"
EndProject
Project("{D954291E-2A0B-460D-934E-DC6B0785DB48}") = "PoolCarev1", "PoolCarev1\PoolCarev1\PoolCarev1.shproj", "{D10E1CF7-8D59-44A7-8B50-18745A5DF0EB}"
EndProject
Global
	GlobalSection(SharedMSBuildProjectFiles) = preSolution
		PoolCarev1\PoolCarev1\PoolCarev1.projitems*{69d8766e-e68b-4360-8328-25dedea8bfa8}*SharedItemsImports = 4
		PoolCarev1\PoolCarev1\PoolCarev1.projitems*{c7e4bccc-3be0-4032-8147-7126a7094a9d}*SharedItemsImports = 4
		PoolCarev1\PoolCarev1\PoolCarev1.projitems*{c86cb7b2-c494-4ecd-8211-2f279d3011ce}*SharedItemsImports = 4
		PoolCarev1\PoolCarev1\PoolCarev1.projitems*{d10e1cf7-8d59-44a7-8b50-18745a5df0eb}*SharedItemsImports = 13
	EndGlobalSection
	GlobalSection(SolutionConfigurationPlatforms) = preSolution
		Ad-Hoc|Any CPU = Ad-Hoc|Any CPU
		Ad-Hoc|ARM = Ad-Hoc|ARM
		Ad-Hoc|iPhone = Ad-Hoc|iPhone
		Ad-Hoc|iPhoneSimulator = Ad-Hoc|iPhoneSimulator
		Ad-Hoc|x64 = Ad-Hoc|x64
		Ad-Hoc|x86 = Ad-Hoc|x86
		AppStore|Any CPU = AppStore|Any CPU
		AppStore|ARM = AppStore|ARM
		AppStore|iPhone = AppStore|iPhone
		AppStore|iPhoneSimulator = AppStore|iPhoneSimulator
		AppStore|x64 = AppStore|x64
		AppStore|x86 = AppStore|x86
		Debug|Any CPU = Debug|Any CPU
		Debug|ARM = Debug|ARM
		Debug|iPhone = Debug|iPhone
		Debug|iPhoneSimulator = Debug|iPhoneSimulator
		Debug|x64 = Debug|x64
		Debug|x86 = Debug|x86
		Release|Any CPU = Release|Any CPU
		Release|ARM = Release|ARM
		Release|iPhone = Release|iPhone
		Release|iPhoneSimulator = Release|iPhoneSimulator
		Release|x64 = Release|x64
		Release|x86 = Release|x86
	EndGlobalSection
	GlobalSection(ProjectConfigurationPlatforms) = postSolution
		{C86CB7B2-C494-4ECD-8211-2F279D3011CE}.Ad-Hoc|Any CPU.ActiveCfg = Release|Any CPU
		{C86CB7B2-C494-4ECD-8211-2F279D3011CE}.Ad-Hoc|Any CPU.Build.0 = Release|Any CPU
		{C86CB7B2-C494-4ECD-8211-2F279D3011CE}.Ad-Hoc|Any CPU.Deploy.0 = Release|Any CPU
		{C86CB7B2-C494-4ECD-8211-2F279D3011CE}.Ad-Hoc|ARM.ActiveCfg = Release|Any CPU
		{C86CB7B2-C494-4ECD-8211-2F279D3011CE}.Ad-Hoc|ARM.Build.0 = Release|Any CPU
		{C86CB7B2-C494-4ECD-8211-2F279D3011CE}.Ad-Hoc|ARM.Deploy.0 = Release|Any CPU
		{C86CB7B2-C494-4ECD-8211-2F279D3011CE}.Ad-Hoc|iPhone.ActiveCfg = Release|Any CPU
		{C86CB7B2-C494-4ECD-8211-2F279D3011CE}.Ad-Hoc|iPhone.Build.0 = Release|Any CPU
		{C86CB7B2-C494-4ECD-8211-2F279D3011CE}.Ad-Hoc|iPhone.Deploy.0 = Release|Any CPU
		{C86CB7B2-C494-4ECD-8211-2F279D3011CE}.Ad-Hoc|iPhoneSimulator.ActiveCfg = Release|Any CPU
		{C86CB7B2-C494-4ECD-8211-2F279D3011CE}.Ad-Hoc|iPhoneSimulator.Build.0 = Release|Any CPU
		{C86CB7B2-C494-4ECD-8211-2F279D3011CE}.Ad-Hoc|iPhoneSimulator.Deploy.0 = Release|Any CPU
		{C86CB7B2-C494-4ECD-8211-2F279D3011CE}.Ad-Hoc|x64.ActiveCfg = Release|Any CPU
		{C86CB7B2-C494-4ECD-8211-2F279D3011CE}.Ad-Hoc|x64.Build.0 = Release|Any CPU
		{C86CB7B2-C494-4ECD-8211-2F279D3011CE}.Ad-Hoc|x64.Deploy.0 = Release|Any CPU
		{C86CB7B2-C494-4ECD-8211-2F279D3011CE}.Ad-Hoc|x86.ActiveCfg = Release|Any CPU
		{C86CB7B2-C494-4ECD-8211-2F279D3011CE}.Ad-Hoc|x86.Build.0 = Release|Any CPU
		{C86CB7B2-C494-4ECD-8211-2F279D3011CE}.Ad-Hoc|x86.Deploy.0 = Release|Any CPU
		{C86CB7B2-C494-4ECD-8211-2F279D3011CE}.AppStore|Any CPU.ActiveCfg = Release|Any CPU
		{C86CB7B2-C494-4ECD-8211-2F279D3011CE}.AppStore|Any CPU.Build.0 = Release|Any CPU
		{C86CB7B2-C494-4ECD-8211-2F279D3011CE}.AppStore|Any CPU.Deploy.0 = Release|Any CPU
		{C86CB7B2-C494-4ECD-8211-2F279D3011CE}.AppStore|ARM.ActiveCfg = Release|Any CPU
		{C86CB7B2-C494-4ECD-8211-2F279D3011CE}.AppStore|ARM.Build.0 = Release|Any CPU
		{C86CB7B2-C494-4ECD-8211-2F279D3011CE}.AppStore|ARM.Deploy.0 = Release|Any CPU
		{C86CB7B2-C494-4ECD-8211-2F279D3011CE}.AppStore|iPhone.ActiveCfg = Release|Any CPU
		{C86CB7B2-C494-4ECD-8211-2F279D3011CE}.AppStore|iPhone.Build.0 = Release|Any CPU
		{C86CB7B2-C494-4ECD-8211-2F279D3011CE}.AppStore|iPhone.Deploy.0 = Release|Any CPU
		{C86CB7B2-C494-4ECD-8211-2F279D3011CE}.AppStore|iPhoneSimulator.ActiveCfg = Release|Any CPU
		{C86CB7B2-C494-4ECD-8211-2F279D3011CE}.AppStore|iPhoneSimulator.Build.0 = Release|Any CPU
		{C86CB7B2-C494-4ECD-8211-2F279D3011CE}.AppStore|iPhoneSimulator.Deploy.0 = Release|Any CPU
		{C86CB7B2-C494-4ECD-8211-2F279D3011CE}.AppStore|x64.ActiveCfg = Release|Any CPU
		{C86CB7B2-C494-4ECD-8211-2F279D3011CE}.AppStore|x64.Build.0 = Release|Any CPU
		{C86CB7B2-C494-4ECD-8211-2F279D3011CE}.AppStore|x64.Deploy.0 = Release|Any CPU
		{C86CB7B2-C494-4ECD-8211-2F279D3011CE}.AppStore|x86.ActiveCfg = Release|Any CPU
		{C86CB7B2-C494-4ECD-8211-2F279D3011CE}.AppStore|x86.Build.0 = Release|Any CPU
		{C86CB7B2-C494-4ECD-8211-2F279D3011CE}.AppStore|x86.Deploy.0 = Release|Any CPU
		{C86CB7B2-C494-4ECD-8211-2F279D3011CE}.Debug|Any CPU.ActiveCfg = Debug|Any CPU
		{C86CB7B2-C494-4ECD-8211-2F279D3011CE}.Debug|Any CPU.Build.0 = Debug|Any CPU
		{C86CB7B2-C494-4ECD-8211-2F279D3011CE}.Debug|Any CPU.Deploy.0 = Debug|Any CPU
		{C86CB7B2-C494-4ECD-8211-2F279D3011CE}.Debug|ARM.ActiveCfg = Debug|Any CPU
		{C86CB7B2-C494-4ECD-8211-2F279D3011CE}.Debug|ARM.Build.0 = Debug|Any CPU
		{C86CB7B2-C494-4ECD-8211-2F279D3011CE}.Debug|ARM.Deploy.0 = Debug|Any CPU
		{C86CB7B2-C494-4ECD-8211-2F279D3011CE}.Debug|iPhone.ActiveCfg = Debug|Any CPU
		{C86CB7B2-C494-4ECD-8211-2F279D3011CE}.Debug|iPhone.Build.0 = Debug|Any CPU
		{C86CB7B2-C494-4ECD-8211-2F279D3011CE}.Debug|iPhone.Deploy.0 = Debug|Any CPU
		{C86CB7B2-C494-4ECD-8211-2F279D3011CE}.Debug|iPhoneSimulator.ActiveCfg = Debug|Any CPU
		{C86CB7B2-C494-4ECD-8211-2F279D3011CE}.Debug|iPhoneSimulator.Build.0 = Debug|Any CPU
		{C86CB7B2-C494-4ECD-8211-2F279D3011CE}.Debug|iPhoneSimulator.Deploy.0 = Debug|Any CPU
		{C86CB7B2-C494-4ECD-8211-2F279D3011CE}.Debug|x64.ActiveCfg = Debug|Any CPU
		{C86CB7B2-C494-4ECD-8211-2F279D3011CE}.Debug|x64.Build.0 = Debug|Any CPU
		{C86CB7B2-C494-4ECD-8211-2F279D3011CE}.Debug|x64.Deploy.0 = Debug|Any CPU
		{C86CB7B2-C494-4ECD-8211-2F279D3011CE}.Debug|x86.ActiveCfg = Debug|Any CPU
		{C86CB7B2-C494-4ECD-8211-2F279D3011CE}.Debug|x86.Build.0 = Debug|Any CPU
		{C86CB7B2-C494-4ECD-8211-2F279D3011CE}.Debug|x86.Deploy.0 = Debug|Any CPU
		{C86CB7B2-C494-4ECD-8211-2F279D3011CE}.Release|Any CPU.ActiveCfg = Release|Any CPU
		{C86CB7B2-C494-4ECD-8211-2F279D3011CE}.Release|Any CPU.Build.0 = Release|Any CPU
		{C86CB7B2-C494-4ECD-8211-2F279D3011CE}.Release|Any CPU.Deploy.0 = Release|Any CPU
		{C86CB7B2-C494-4ECD-8211-2F279D3011CE}.Release|ARM.ActiveCfg = Release|Any CPU
		{C86CB7B2-C494-4ECD-8211-2F279D3011CE}.Release|ARM.Build.0 = Release|Any CPU
		{C86CB7B2-C494-4ECD-8211-2F279D3011CE}.Release|ARM.Deploy.0 = Release|Any CPU
		{C86CB7B2-C494-4ECD-8211-2F279D3011CE}.Release|iPhone.ActiveCfg = Release|Any CPU
		{C86CB7B2-C494-4ECD-8211-2F279D3011CE}.Release|iPhone.Build.0 = Release|Any CPU
		{C86CB7B2-C494-4ECD-8211-2F279D3011CE}.Release|iPhone.Deploy.0 = Release|Any CPU
		{C86CB7B2-C494-4ECD-8211-2F279D3011CE}.Release|iPhoneSimulator.ActiveCfg = Release|Any CPU
		{C86CB7B2-C494-4ECD-8211-2F279D3011CE}.Release|iPhoneSimulator.Build.0 = Release|Any CPU
		{C86CB7B2-C494-4ECD-8211-2F279D3011CE}.Release|iPhoneSimulator.Deploy.0 = Release|Any CPU
		{C86CB7B2-C494-4ECD-8211-2F279D3011CE}.Release|x64.ActiveCfg = Release|Any CPU
		{C86CB7B2-C494-4ECD-8211-2F279D3011CE}.Release|x64.Build.0 = Release|Any CPU
		{C86CB7B2-C494-4ECD-8211-2F279D3011CE}.Release|x64.Deploy.0 = Release|Any CPU
		{C86CB7B2-C494-4ECD-8211-2F279D3011CE}.Release|x86.ActiveCfg = Release|Any CPU
		{C86CB7B2-C494-4ECD-8211-2F279D3011CE}.Release|x86.Build.0 = Release|Any CPU
		{C86CB7B2-C494-4ECD-8211-2F279D3011CE}.Release|x86.Deploy.0 = Release|Any CPU
		{69D8766E-E68B-4360-8328-25DEDEA8BFA8}.Ad-Hoc|Any CPU.ActiveCfg = Ad-Hoc|iPhone
		{69D8766E-E68B-4360-8328-25DEDEA8BFA8}.Ad-Hoc|ARM.ActiveCfg = Ad-Hoc|iPhone
		{69D8766E-E68B-4360-8328-25DEDEA8BFA8}.Ad-Hoc|iPhone.ActiveCfg = Ad-Hoc|iPhone
		{69D8766E-E68B-4360-8328-25DEDEA8BFA8}.Ad-Hoc|iPhone.Build.0 = Ad-Hoc|iPhone
		{69D8766E-E68B-4360-8328-25DEDEA8BFA8}.Ad-Hoc|iPhoneSimulator.ActiveCfg = Ad-Hoc|iPhoneSimulator
		{69D8766E-E68B-4360-8328-25DEDEA8BFA8}.Ad-Hoc|iPhoneSimulator.Build.0 = Ad-Hoc|iPhoneSimulator
		{69D8766E-E68B-4360-8328-25DEDEA8BFA8}.Ad-Hoc|x64.ActiveCfg = Ad-Hoc|iPhone
		{69D8766E-E68B-4360-8328-25DEDEA8BFA8}.Ad-Hoc|x86.ActiveCfg = Ad-Hoc|iPhone
		{69D8766E-E68B-4360-8328-25DEDEA8BFA8}.AppStore|Any CPU.ActiveCfg = AppStore|iPhone
		{69D8766E-E68B-4360-8328-25DEDEA8BFA8}.AppStore|ARM.ActiveCfg = AppStore|iPhone
		{69D8766E-E68B-4360-8328-25DEDEA8BFA8}.AppStore|iPhone.ActiveCfg = AppStore|iPhone
		{69D8766E-E68B-4360-8328-25DEDEA8BFA8}.AppStore|iPhone.Build.0 = AppStore|iPhone
		{69D8766E-E68B-4360-8328-25DEDEA8BFA8}.AppStore|iPhoneSimulator.ActiveCfg = AppStore|iPhoneSimulator
		{69D8766E-E68B-4360-8328-25DEDEA8BFA8}.AppStore|iPhoneSimulator.Build.0 = AppStore|iPhoneSimulator
		{69D8766E-E68B-4360-8328-25DEDEA8BFA8}.AppStore|x64.ActiveCfg = AppStore|iPhone
		{69D8766E-E68B-4360-8328-25DEDEA8BFA8}.AppStore|x86.ActiveCfg = AppStore|iPhone
		{69D8766E-E68B-4360-8328-25DEDEA8BFA8}.Debug|Any CPU.ActiveCfg = Debug|iPhone
		{69D8766E-E68B-4360-8328-25DEDEA8BFA8}.Debug|ARM.ActiveCfg = Debug|iPhone
		{69D8766E-E68B-4360-8328-25DEDEA8BFA8}.Debug|iPhone.ActiveCfg = Debug|iPhone
		{69D8766E-E68B-4360-8328-25DEDEA8BFA8}.Debug|iPhone.Build.0 = Debug|iPhone
		{69D8766E-E68B-4360-8328-25DEDEA8BFA8}.Debug|iPhoneSimulator.ActiveCfg = Debug|iPhoneSimulator
		{69D8766E-E68B-4360-8328-25DEDEA8BFA8}.Debug|iPhoneSimulator.Build.0 = Debug|iPhoneSimulator
		{69D8766E-E68B-4360-8328-25DEDEA8BFA8}.Debug|x64.ActiveCfg = Debug|iPhone
		{69D8766E-E68B-4360-8328-25DEDEA8BFA8}.Debug|x86.ActiveCfg = Debug|iPhone
		{69D8766E-E68B-4360-8328-25DEDEA8BFA8}.Release|Any CPU.ActiveCfg = Release|iPhone
		{69D8766E-E68B-4360-8328-25DEDEA8BFA8}.Release|ARM.ActiveCfg = Release|iPhone
		{69D8766E-E68B-4360-8328-25DEDEA8BFA8}.Release|iPhone.ActiveCfg = Release|iPhone
		{69D8766E-E68B-4360-8328-25DEDEA8BFA8}.Release|iPhone.Build.0 = Release|iPhone
		{69D8766E-E68B-4360-8328-25DEDEA8BFA8}.Release|iPhoneSimulator.ActiveCfg = Release|iPhoneSimulator
		{69D8766E-E68B-4360-8328-25DEDEA8BFA8}.Release|iPhoneSimulator.Build.0 = Release|iPhoneSimulator
		{69D8766E-E68B-4360-8328-25DEDEA8BFA8}.Release|x64.ActiveCfg = Release|iPhone
		{69D8766E-E68B-4360-8328-25DEDEA8BFA8}.Release|x86.ActiveCfg = Release|iPhone
		{C7E4BCCC-3BE0-4032-8147-7126A7094A9D}.Ad-Hoc|Any CPU.ActiveCfg = Release|x86
		{C7E4BCCC-3BE0-4032-8147-7126A7094A9D}.Ad-Hoc|Any CPU.Build.0 = Release|x86
		{C7E4BCCC-3BE0-4032-8147-7126A7094A9D}.Ad-Hoc|Any CPU.Deploy.0 = Release|x86
		{C7E4BCCC-3BE0-4032-8147-7126A7094A9D}.Ad-Hoc|ARM.ActiveCfg = Release|ARM
		{C7E4BCCC-3BE0-4032-8147-7126A7094A9D}.Ad-Hoc|ARM.Build.0 = Release|ARM
		{C7E4BCCC-3BE0-4032-8147-7126A7094A9D}.Ad-Hoc|ARM.Deploy.0 = Release|ARM
		{C7E4BCCC-3BE0-4032-8147-7126A7094A9D}.Ad-Hoc|iPhone.ActiveCfg = Release|x86
		{C7E4BCCC-3BE0-4032-8147-7126A7094A9D}.Ad-Hoc|iPhone.Build.0 = Release|x86
		{C7E4BCCC-3BE0-4032-8147-7126A7094A9D}.Ad-Hoc|iPhone.Deploy.0 = Release|x86
		{C7E4BCCC-3BE0-4032-8147-7126A7094A9D}.Ad-Hoc|iPhoneSimulator.ActiveCfg = Release|x86
		{C7E4BCCC-3BE0-4032-8147-7126A7094A9D}.Ad-Hoc|iPhoneSimulator.Build.0 = Release|x86
		{C7E4BCCC-3BE0-4032-8147-7126A7094A9D}.Ad-Hoc|iPhoneSimulator.Deploy.0 = Release|x86
		{C7E4BCCC-3BE0-4032-8147-7126A7094A9D}.Ad-Hoc|x64.ActiveCfg = Release|x64
		{C7E4BCCC-3BE0-4032-8147-7126A7094A9D}.Ad-Hoc|x64.Build.0 = Release|x64
		{C7E4BCCC-3BE0-4032-8147-7126A7094A9D}.Ad-Hoc|x64.Deploy.0 = Release|x64
		{C7E4BCCC-3BE0-4032-8147-7126A7094A9D}.Ad-Hoc|x86.ActiveCfg = Release|x86
		{C7E4BCCC-3BE0-4032-8147-7126A7094A9D}.Ad-Hoc|x86.Build.0 = Release|x86
		{C7E4BCCC-3BE0-4032-8147-7126A7094A9D}.Ad-Hoc|x86.Deploy.0 = Release|x86
		{C7E4BCCC-3BE0-4032-8147-7126A7094A9D}.AppStore|Any CPU.ActiveCfg = Release|x86
		{C7E4BCCC-3BE0-4032-8147-7126A7094A9D}.AppStore|Any CPU.Build.0 = Release|x86
		{C7E4BCCC-3BE0-4032-8147-7126A7094A9D}.AppStore|Any CPU.Deploy.0 = Release|x86
		{C7E4BCCC-3BE0-4032-8147-7126A7094A9D}.AppStore|ARM.ActiveCfg = Release|ARM
		{C7E4BCCC-3BE0-4032-8147-7126A7094A9D}.AppStore|ARM.Build.0 = Release|ARM
		{C7E4BCCC-3BE0-4032-8147-7126A7094A9D}.AppStore|ARM.Deploy.0 = Release|ARM
		{C7E4BCCC-3BE0-4032-8147-7126A7094A9D}.AppStore|iPhone.ActiveCfg = Release|x86
		{C7E4BCCC-3BE0-4032-8147-7126A7094A9D}.AppStore|iPhone.Build.0 = Release|x86
		{C7E4BCCC-3BE0-4032-8147-7126A7094A9D}.AppStore|iPhone.Deploy.0 = Release|x86
		{C7E4BCCC-3BE0-4032-8147-7126A7094A9D}.AppStore|iPhoneSimulator.ActiveCfg = Release|x86
		{C7E4BCCC-3BE0-4032-8147-7126A7094A9D}.AppStore|iPhoneSimulator.Build.0 = Release|x86
		{C7E4BCCC-3BE0-4032-8147-7126A7094A9D}.AppStore|iPhoneSimulator.Deploy.0 = Release|x86
		{C7E4BCCC-3BE0-4032-8147-7126A7094A9D}.AppStore|x64.ActiveCfg = Release|x64
		{C7E4BCCC-3BE0-4032-8147-7126A7094A9D}.AppStore|x64.Build.0 = Release|x64
		{C7E4BCCC-3BE0-4032-8147-7126A7094A9D}.AppStore|x64.Deploy.0 = Release|x64
		{C7E4BCCC-3BE0-4032-8147-7126A7094A9D}.AppStore|x86.ActiveCfg = Release|x86
		{C7E4BCCC-3BE0-4032-8147-7126A7094A9D}.AppStore|x86.Build.0 = Release|x86
		{C7E4BCCC-3BE0-4032-8147-7126A7094A9D}.AppStore|x86.Deploy.0 = Release|x86
		{C7E4BCCC-3BE0-4032-8147-7126A7094A9D}.Debug|Any CPU.ActiveCfg = Debug|x86
		{C7E4BCCC-3BE0-4032-8147-7126A7094A9D}.Debug|ARM.ActiveCfg = Debug|ARM
		{C7E4BCCC-3BE0-4032-8147-7126A7094A9D}.Debug|ARM.Build.0 = Debug|ARM
		{C7E4BCCC-3BE0-4032-8147-7126A7094A9D}.Debug|ARM.Deploy.0 = Debug|ARM
		{C7E4BCCC-3BE0-4032-8147-7126A7094A9D}.Debug|iPhone.ActiveCfg = Debug|x86
		{C7E4BCCC-3BE0-4032-8147-7126A7094A9D}.Debug|iPhoneSimulator.ActiveCfg = Debug|x86
		{C7E4BCCC-3BE0-4032-8147-7126A7094A9D}.Debug|x64.ActiveCfg = Debug|x64
		{C7E4BCCC-3BE0-4032-8147-7126A7094A9D}.Debug|x64.Build.0 = Debug|x64
		{C7E4BCCC-3BE0-4032-8147-7126A7094A9D}.Debug|x64.Deploy.0 = Debug|x64
		{C7E4BCCC-3BE0-4032-8147-7126A7094A9D}.Debug|x86.ActiveCfg = Debug|x86
		{C7E4BCCC-3BE0-4032-8147-7126A7094A9D}.Debug|x86.Build.0 = Debug|x86
		{C7E4BCCC-3BE0-4032-8147-7126A7094A9D}.Debug|x86.Deploy.0 = Debug|x86
		{C7E4BCCC-3BE0-4032-8147-7126A7094A9D}.Release|Any CPU.ActiveCfg = Release|x86
		{C7E4BCCC-3BE0-4032-8147-7126A7094A9D}.Release|ARM.ActiveCfg = Release|ARM
		{C7E4BCCC-3BE0-4032-8147-7126A7094A9D}.Release|ARM.Build.0 = Release|ARM
		{C7E4BCCC-3BE0-4032-8147-7126A7094A9D}.Release|ARM.Deploy.0 = Release|ARM
		{C7E4BCCC-3BE0-4032-8147-7126A7094A9D}.Release|iPhone.ActiveCfg = Release|x86
		{C7E4BCCC-3BE0-4032-8147-7126A7094A9D}.Release|iPhoneSimulator.ActiveCfg = Release|x86
		{C7E4BCCC-3BE0-4032-8147-7126A7094A9D}.Release|x64.ActiveCfg = Release|x64
		{C7E4BCCC-3BE0-4032-8147-7126A7094A9D}.Release|x64.Build.0 = Release|x64
		{C7E4BCCC-3BE0-4032-8147-7126A7094A9D}.Release|x64.Deploy.0 = Release|x64
		{C7E4BCCC-3BE0-4032-8147-7126A7094A9D}.Release|x86.ActiveCfg = Release|x86
		{C7E4BCCC-3BE0-4032-8147-7126A7094A9D}.Release|x86.Build.0 = Release|x86
		{C7E4BCCC-3BE0-4032-8147-7126A7094A9D}.Release|x86.Deploy.0 = Release|x86
	EndGlobalSection
	GlobalSection(SolutionProperties) = preSolution
		HideSolutionNode = FALSE
	EndGlobalSection
	GlobalSection(ExtensibilityGlobals) = postSolution
		SolutionGuid = {9B82B4AA-1B2B-4858-91FE-37D1858B9685}
	EndGlobalSection
EndGlobal
